
Microsoft Visual Studio Solution File, Format Version 11.00
# Visual Studio 2010
Project("{FAE04EC0-301F-11D3-BF4B-00C04F79EFBC}") = "Assembly-CSharp", "Assembly-CSharp.csproj", "{FA9FDCC3-254E-CDFB-71F5-B20C2952F2DD}"
EndProject
Project("{FAE04EC0-301F-11D3-BF4B-00C04F79EFBC}") = "Assembly-CSharp-Editor", "Assembly-CSharp-Editor.csproj", "{6A5EDF2D-3D17-19A8-AEDD-9A9CB48DAE0F}"
EndProject
Global
	GlobalSection(SolutionConfigurationPlatforms) = preSolution
		Debug|Any CPU = Debug|Any CPU
		Release|Any CPU = Release|Any CPU
	EndGlobalSection
	GlobalSection(ProjectConfigurationPlatforms) = postSolution
		{FA9FDCC3-254E-CDFB-71F5-B20C2952F2DD}.Debug|Any CPU.ActiveCfg = Debug|Any CPU
		{FA9FDCC3-254E-CDFB-71F5-B20C2952F2DD}.Debug|Any CPU.Build.0 = Debug|Any CPU
		{FA9FDCC3-254E-CDFB-71F5-B20C2952F2DD}.Release|Any CPU.ActiveCfg = Release|Any CPU
		{FA9FDCC3-254E-CDFB-71F5-B20C2952F2DD}.Release|Any CPU.Build.0 = Release|Any CPU
		{6A5EDF2D-3D17-19A8-AEDD-9A9CB48DAE0F}.Debug|Any CPU.ActiveCfg = Debug|Any CPU
		{6A5EDF2D-3D17-19A8-AEDD-9A9CB48DAE0F}.Debug|Any CPU.Build.0 = Debug|Any CPU
		{6A5EDF2D-3D17-19A8-AEDD-9A9CB48DAE0F}.Release|Any CPU.ActiveCfg = Release|Any CPU
		{6A5EDF2D-3D17-19A8-AEDD-9A9CB48DAE0F}.Release|Any CPU.Build.0 = Release|Any CPU
	EndGlobalSection
	GlobalSection(SolutionProperties) = preSolution
		HideSolutionNode = FALSE
	EndGlobalSection
	GlobalSection(MonoDevelopProperties) = preSolution
		StartupItem = Assembly-CSharp.csproj
	EndGlobalSection
EndGlobal
